
Microsoft Visual Studio Solution File, Format Version 12.00
# Visual Studio 15
VisualStudioVersion = 15.0.26124.0
MinimumVisualStudioVersion = 15.0.26124.0
Project("{FAE04EC0-301F-11D3-BF4B-00C04F79EFBC}") = "InventoryLibrary", "InventoryLibrary\InventoryLibrary.csproj", "{511D72FA-EC6A-4672-8DEC-588D80672912}"
EndProject
Project("{FAE04EC0-301F-11D3-BF4B-00C04F79EFBC}") = "InventoryManagement.Tests", "InventoryManagement.Tests\InventoryManagement.Tests.csproj", "{EE9A7E02-522C-443C-9616-11FFCEA2DA0E}"
EndProject
Project("{FAE04EC0-301F-11D3-BF4B-00C04F79EFBC}") = "InventoryManager", "InventoryManager\InventoryManager.csproj", "{4A989FAD-D31F-4F6A-9FE4-2A16D348D95B}"
EndProject
Global
	GlobalSection(SolutionConfigurationPlatforms) = preSolution
		Debug|Any CPU = Debug|Any CPU
		Debug|x64 = Debug|x64
		Debug|x86 = Debug|x86
		Release|Any CPU = Release|Any CPU
		Release|x64 = Release|x64
		Release|x86 = Release|x86
	EndGlobalSection
	GlobalSection(SolutionProperties) = preSolution
		HideSolutionNode = FALSE
	EndGlobalSection
	GlobalSection(ProjectConfigurationPlatforms) = postSolution
		{511D72FA-EC6A-4672-8DEC-588D80672912}.Debug|Any CPU.ActiveCfg = Debug|Any CPU
		{511D72FA-EC6A-4672-8DEC-588D80672912}.Debug|Any CPU.Build.0 = Debug|Any CPU
		{511D72FA-EC6A-4672-8DEC-588D80672912}.Debug|x64.ActiveCfg = Debug|Any CPU
		{511D72FA-EC6A-4672-8DEC-588D80672912}.Debug|x64.Build.0 = Debug|Any CPU
		{511D72FA-EC6A-4672-8DEC-588D80672912}.Debug|x86.ActiveCfg = Debug|Any CPU
		{511D72FA-EC6A-4672-8DEC-588D80672912}.Debug|x86.Build.0 = Debug|Any CPU
		{511D72FA-EC6A-4672-8DEC-588D80672912}.Release|Any CPU.ActiveCfg = Release|Any CPU
		{511D72FA-EC6A-4672-8DEC-588D80672912}.Release|Any CPU.Build.0 = Release|Any CPU
		{511D72FA-EC6A-4672-8DEC-588D80672912}.Release|x64.ActiveCfg = Release|Any CPU
		{511D72FA-EC6A-4672-8DEC-588D80672912}.Release|x64.Build.0 = Release|Any CPU
		{511D72FA-EC6A-4672-8DEC-588D80672912}.Release|x86.ActiveCfg = Release|Any CPU
		{511D72FA-EC6A-4672-8DEC-588D80672912}.Release|x86.Build.0 = Release|Any CPU
		{EE9A7E02-522C-443C-9616-11FFCEA2DA0E}.Debug|Any CPU.ActiveCfg = Debug|Any CPU
		{EE9A7E02-522C-443C-9616-11FFCEA2DA0E}.Debug|Any CPU.Build.0 = Debug|Any CPU
		{EE9A7E02-522C-443C-9616-11FFCEA2DA0E}.Debug|x64.ActiveCfg = Debug|Any CPU
		{EE9A7E02-522C-443C-9616-11FFCEA2DA0E}.Debug|x64.Build.0 = Debug|Any CPU
		{EE9A7E02-522C-443C-9616-11FFCEA2DA0E}.Debug|x86.ActiveCfg = Debug|Any CPU
		{EE9A7E02-522C-443C-9616-11FFCEA2DA0E}.Debug|x86.Build.0 = Debug|Any CPU
		{EE9A7E02-522C-443C-9616-11FFCEA2DA0E}.Release|Any CPU.ActiveCfg = Release|Any CPU
		{EE9A7E02-522C-443C-9616-11FFCEA2DA0E}.Release|Any CPU.Build.0 = Release|Any CPU
		{EE9A7E02-522C-443C-9616-11FFCEA2DA0E}.Release|x64.ActiveCfg = Release|Any CPU
		{EE9A7E02-522C-443C-9616-11FFCEA2DA0E}.Release|x64.Build.0 = Release|Any CPU
		{EE9A7E02-522C-443C-9616-11FFCEA2DA0E}.Release|x86.ActiveCfg = Release|Any CPU
		{EE9A7E02-522C-443C-9616-11FFCEA2DA0E}.Release|x86.Build.0 = Release|Any CPU
		{4A989FAD-D31F-4F6A-9FE4-2A16D348D95B}.Debug|Any CPU.ActiveCfg = Debug|Any CPU
		{4A989FAD-D31F-4F6A-9FE4-2A16D348D95B}.Debug|Any CPU.Build.0 = Debug|Any CPU
		{4A989FAD-D31F-4F6A-9FE4-2A16D348D95B}.Debug|x64.ActiveCfg = Debug|Any CPU
		{4A989FAD-D31F-4F6A-9FE4-2A16D348D95B}.Debug|x64.Build.0 = Debug|Any CPU
		{4A989FAD-D31F-4F6A-9FE4-2A16D348D95B}.Debug|x86.ActiveCfg = Debug|Any CPU
		{4A989FAD-D31F-4F6A-9FE4-2A16D348D95B}.Debug|x86.Build.0 = Debug|Any CPU
		{4A989FAD-D31F-4F6A-9FE4-2A16D348D95B}.Release|Any CPU.ActiveCfg = Release|Any CPU
		{4A989FAD-D31F-4F6A-9FE4-2A16D348D95B}.Release|Any CPU.Build.0 = Release|Any CPU
		{4A989FAD-D31F-4F6A-9FE4-2A16D348D95B}.Release|x64.ActiveCfg = Release|Any CPU
		{4A989FAD-D31F-4F6A-9FE4-2A16D348D95B}.Release|x64.Build.0 = Release|Any CPU
		{4A989FAD-D31F-4F6A-9FE4-2A16D348D95B}.Release|x86.ActiveCfg = Release|Any CPU
		{4A989FAD-D31F-4F6A-9FE4-2A16D348D95B}.Release|x86.Build.0 = Release|Any CPU
	EndGlobalSection
EndGlobal
