
Microsoft Visual Studio Solution File, Format Version 12.00
# Visual Studio 15
VisualStudioVersion = 15.0.26124.0
MinimumVisualStudioVersion = 15.0.26124.0
Project("{FAE04EC0-301F-11D3-BF4B-00C04F79EFBC}") = "MyMath", "MyMath\MyMath.csproj", "{B7192E85-3D89-4E96-BCF5-81A614F1C009}"
EndProject
Project("{FAE04EC0-301F-11D3-BF4B-00C04F79EFBC}") = "MyMath.Tests", "MyMath.Tests\MyMath.Tests.csproj", "{EC51A278-981C-45A3-9CB3-7D2CDA28CF2A}"
EndProject
Global
	GlobalSection(SolutionConfigurationPlatforms) = preSolution
		Debug|Any CPU = Debug|Any CPU
		Debug|x64 = Debug|x64
		Debug|x86 = Debug|x86
		Release|Any CPU = Release|Any CPU
		Release|x64 = Release|x64
		Release|x86 = Release|x86
	EndGlobalSection
	GlobalSection(SolutionProperties) = preSolution
		HideSolutionNode = FALSE
	EndGlobalSection
	GlobalSection(ProjectConfigurationPlatforms) = postSolution
		{B7192E85-3D89-4E96-BCF5-81A614F1C009}.Debug|Any CPU.ActiveCfg = Debug|Any CPU
		{B7192E85-3D89-4E96-BCF5-81A614F1C009}.Debug|Any CPU.Build.0 = Debug|Any CPU
		{B7192E85-3D89-4E96-BCF5-81A614F1C009}.Debug|x64.ActiveCfg = Debug|Any CPU
		{B7192E85-3D89-4E96-BCF5-81A614F1C009}.Debug|x64.Build.0 = Debug|Any CPU
		{B7192E85-3D89-4E96-BCF5-81A614F1C009}.Debug|x86.ActiveCfg = Debug|Any CPU
		{B7192E85-3D89-4E96-BCF5-81A614F1C009}.Debug|x86.Build.0 = Debug|Any CPU
		{B7192E85-3D89-4E96-BCF5-81A614F1C009}.Release|Any CPU.ActiveCfg = Release|Any CPU
		{B7192E85-3D89-4E96-BCF5-81A614F1C009}.Release|Any CPU.Build.0 = Release|Any CPU
		{B7192E85-3D89-4E96-BCF5-81A614F1C009}.Release|x64.ActiveCfg = Release|Any CPU
		{B7192E85-3D89-4E96-BCF5-81A614F1C009}.Release|x64.Build.0 = Release|Any CPU
		{B7192E85-3D89-4E96-BCF5-81A614F1C009}.Release|x86.ActiveCfg = Release|Any CPU
		{B7192E85-3D89-4E96-BCF5-81A614F1C009}.Release|x86.Build.0 = Release|Any CPU
		{EC51A278-981C-45A3-9CB3-7D2CDA28CF2A}.Debug|Any CPU.ActiveCfg = Debug|Any CPU
		{EC51A278-981C-45A3-9CB3-7D2CDA28CF2A}.Debug|Any CPU.Build.0 = Debug|Any CPU
		{EC51A278-981C-45A3-9CB3-7D2CDA28CF2A}.Debug|x64.ActiveCfg = Debug|Any CPU
		{EC51A278-981C-45A3-9CB3-7D2CDA28CF2A}.Debug|x64.Build.0 = Debug|Any CPU
		{EC51A278-981C-45A3-9CB3-7D2CDA28CF2A}.Debug|x86.ActiveCfg = Debug|Any CPU
		{EC51A278-981C-45A3-9CB3-7D2CDA28CF2A}.Debug|x86.Build.0 = Debug|Any CPU
		{EC51A278-981C-45A3-9CB3-7D2CDA28CF2A}.Release|Any CPU.ActiveCfg = Release|Any CPU
		{EC51A278-981C-45A3-9CB3-7D2CDA28CF2A}.Release|Any CPU.Build.0 = Release|Any CPU
		{EC51A278-981C-45A3-9CB3-7D2CDA28CF2A}.Release|x64.ActiveCfg = Release|Any CPU
		{EC51A278-981C-45A3-9CB3-7D2CDA28CF2A}.Release|x64.Build.0 = Release|Any CPU
		{EC51A278-981C-45A3-9CB3-7D2CDA28CF2A}.Release|x86.ActiveCfg = Release|Any CPU
		{EC51A278-981C-45A3-9CB3-7D2CDA28CF2A}.Release|x86.Build.0 = Release|Any CPU
	EndGlobalSection
EndGlobal
