
Microsoft Visual Studio Solution File, Format Version 12.00
# Visual Studio 15
VisualStudioVersion = 15.0.26124.0
MinimumVisualStudioVersion = 15.0.26124.0
Project("{FAE04EC0-301F-11D3-BF4B-00C04F79EFBC}") = "Text", "Text\Text.csproj", "{757EACEF-5B2E-4DD7-93DD-1F7F66EDF572}"
EndProject
Project("{FAE04EC0-301F-11D3-BF4B-00C04F79EFBC}") = "Text.Tests", "Text.Tests\Text.Tests.csproj", "{AAE2FB9B-A16A-477C-8622-11C949876987}"
EndProject
Global
	GlobalSection(SolutionConfigurationPlatforms) = preSolution
		Debug|Any CPU = Debug|Any CPU
		Debug|x64 = Debug|x64
		Debug|x86 = Debug|x86
		Release|Any CPU = Release|Any CPU
		Release|x64 = Release|x64
		Release|x86 = Release|x86
	EndGlobalSection
	GlobalSection(SolutionProperties) = preSolution
		HideSolutionNode = FALSE
	EndGlobalSection
	GlobalSection(ProjectConfigurationPlatforms) = postSolution
		{757EACEF-5B2E-4DD7-93DD-1F7F66EDF572}.Debug|Any CPU.ActiveCfg = Debug|Any CPU
		{757EACEF-5B2E-4DD7-93DD-1F7F66EDF572}.Debug|Any CPU.Build.0 = Debug|Any CPU
		{757EACEF-5B2E-4DD7-93DD-1F7F66EDF572}.Debug|x64.ActiveCfg = Debug|Any CPU
		{757EACEF-5B2E-4DD7-93DD-1F7F66EDF572}.Debug|x64.Build.0 = Debug|Any CPU
		{757EACEF-5B2E-4DD7-93DD-1F7F66EDF572}.Debug|x86.ActiveCfg = Debug|Any CPU
		{757EACEF-5B2E-4DD7-93DD-1F7F66EDF572}.Debug|x86.Build.0 = Debug|Any CPU
		{757EACEF-5B2E-4DD7-93DD-1F7F66EDF572}.Release|Any CPU.ActiveCfg = Release|Any CPU
		{757EACEF-5B2E-4DD7-93DD-1F7F66EDF572}.Release|Any CPU.Build.0 = Release|Any CPU
		{757EACEF-5B2E-4DD7-93DD-1F7F66EDF572}.Release|x64.ActiveCfg = Release|Any CPU
		{757EACEF-5B2E-4DD7-93DD-1F7F66EDF572}.Release|x64.Build.0 = Release|Any CPU
		{757EACEF-5B2E-4DD7-93DD-1F7F66EDF572}.Release|x86.ActiveCfg = Release|Any CPU
		{757EACEF-5B2E-4DD7-93DD-1F7F66EDF572}.Release|x86.Build.0 = Release|Any CPU
		{AAE2FB9B-A16A-477C-8622-11C949876987}.Debug|Any CPU.ActiveCfg = Debug|Any CPU
		{AAE2FB9B-A16A-477C-8622-11C949876987}.Debug|Any CPU.Build.0 = Debug|Any CPU
		{AAE2FB9B-A16A-477C-8622-11C949876987}.Debug|x64.ActiveCfg = Debug|Any CPU
		{AAE2FB9B-A16A-477C-8622-11C949876987}.Debug|x64.Build.0 = Debug|Any CPU
		{AAE2FB9B-A16A-477C-8622-11C949876987}.Debug|x86.ActiveCfg = Debug|Any CPU
		{AAE2FB9B-A16A-477C-8622-11C949876987}.Debug|x86.Build.0 = Debug|Any CPU
		{AAE2FB9B-A16A-477C-8622-11C949876987}.Release|Any CPU.ActiveCfg = Release|Any CPU
		{AAE2FB9B-A16A-477C-8622-11C949876987}.Release|Any CPU.Build.0 = Release|Any CPU
		{AAE2FB9B-A16A-477C-8622-11C949876987}.Release|x64.ActiveCfg = Release|Any CPU
		{AAE2FB9B-A16A-477C-8622-11C949876987}.Release|x64.Build.0 = Release|Any CPU
		{AAE2FB9B-A16A-477C-8622-11C949876987}.Release|x86.ActiveCfg = Release|Any CPU
		{AAE2FB9B-A16A-477C-8622-11C949876987}.Release|x86.Build.0 = Release|Any CPU
	EndGlobalSection
EndGlobal
