
Microsoft Visual Studio Solution File, Format Version 12.00
# Visual Studio 15
VisualStudioVersion = 15.0.26124.0
MinimumVisualStudioVersion = 15.0.26124.0
Project("{FAE04EC0-301F-11D3-BF4B-00C04F79EFBC}") = "MyMath", "MyMath\MyMath.csproj", "{F5FA6545-4F23-4351-861B-23EB621359BF}"
EndProject
Project("{FAE04EC0-301F-11D3-BF4B-00C04F79EFBC}") = "MyMath.Tests", "MyMath.Tests\MyMath.Tests.csproj", "{33755C7B-4559-46B9-B62D-BA012F32BB64}"
EndProject
Global
	GlobalSection(SolutionConfigurationPlatforms) = preSolution
		Debug|Any CPU = Debug|Any CPU
		Debug|x64 = Debug|x64
		Debug|x86 = Debug|x86
		Release|Any CPU = Release|Any CPU
		Release|x64 = Release|x64
		Release|x86 = Release|x86
	EndGlobalSection
	GlobalSection(SolutionProperties) = preSolution
		HideSolutionNode = FALSE
	EndGlobalSection
	GlobalSection(ProjectConfigurationPlatforms) = postSolution
		{F5FA6545-4F23-4351-861B-23EB621359BF}.Debug|Any CPU.ActiveCfg = Debug|Any CPU
		{F5FA6545-4F23-4351-861B-23EB621359BF}.Debug|Any CPU.Build.0 = Debug|Any CPU
		{F5FA6545-4F23-4351-861B-23EB621359BF}.Debug|x64.ActiveCfg = Debug|Any CPU
		{F5FA6545-4F23-4351-861B-23EB621359BF}.Debug|x64.Build.0 = Debug|Any CPU
		{F5FA6545-4F23-4351-861B-23EB621359BF}.Debug|x86.ActiveCfg = Debug|Any CPU
		{F5FA6545-4F23-4351-861B-23EB621359BF}.Debug|x86.Build.0 = Debug|Any CPU
		{F5FA6545-4F23-4351-861B-23EB621359BF}.Release|Any CPU.ActiveCfg = Release|Any CPU
		{F5FA6545-4F23-4351-861B-23EB621359BF}.Release|Any CPU.Build.0 = Release|Any CPU
		{F5FA6545-4F23-4351-861B-23EB621359BF}.Release|x64.ActiveCfg = Release|Any CPU
		{F5FA6545-4F23-4351-861B-23EB621359BF}.Release|x64.Build.0 = Release|Any CPU
		{F5FA6545-4F23-4351-861B-23EB621359BF}.Release|x86.ActiveCfg = Release|Any CPU
		{F5FA6545-4F23-4351-861B-23EB621359BF}.Release|x86.Build.0 = Release|Any CPU
		{33755C7B-4559-46B9-B62D-BA012F32BB64}.Debug|Any CPU.ActiveCfg = Debug|Any CPU
		{33755C7B-4559-46B9-B62D-BA012F32BB64}.Debug|Any CPU.Build.0 = Debug|Any CPU
		{33755C7B-4559-46B9-B62D-BA012F32BB64}.Debug|x64.ActiveCfg = Debug|Any CPU
		{33755C7B-4559-46B9-B62D-BA012F32BB64}.Debug|x64.Build.0 = Debug|Any CPU
		{33755C7B-4559-46B9-B62D-BA012F32BB64}.Debug|x86.ActiveCfg = Debug|Any CPU
		{33755C7B-4559-46B9-B62D-BA012F32BB64}.Debug|x86.Build.0 = Debug|Any CPU
		{33755C7B-4559-46B9-B62D-BA012F32BB64}.Release|Any CPU.ActiveCfg = Release|Any CPU
		{33755C7B-4559-46B9-B62D-BA012F32BB64}.Release|Any CPU.Build.0 = Release|Any CPU
		{33755C7B-4559-46B9-B62D-BA012F32BB64}.Release|x64.ActiveCfg = Release|Any CPU
		{33755C7B-4559-46B9-B62D-BA012F32BB64}.Release|x64.Build.0 = Release|Any CPU
		{33755C7B-4559-46B9-B62D-BA012F32BB64}.Release|x86.ActiveCfg = Release|Any CPU
		{33755C7B-4559-46B9-B62D-BA012F32BB64}.Release|x86.Build.0 = Release|Any CPU
	EndGlobalSection
EndGlobal
